// !$*UTF8*$!
{
	archiveVersion = 1;
	classes = {
	};
	objectVersion = 48;
	objects = {

/* Begin PBXBuildFile section */
		D9973F601F8A25D300DB07D7 /* AppDelegate.swift in Sources */ = {isa = PBXBuildFile; fileRef = D9973F5F1F8A25D300DB07D7 /* AppDelegate.swift */; };
		D9973F621F8A25D300DB07D7 /* ViewController.swift in Sources */ = {isa = PBXBuildFile; fileRef = D9973F611F8A25D300DB07D7 /* ViewController.swift */; };
		D9973F651F8A25D300DB07D7 /* Main.storyboard in Resources */ = {isa = PBXBuildFile; fileRef = D9973F631F8A25D300DB07D7 /* Main.storyboard */; };
		D9973F671F8A25D300DB07D7 /* Assets.xcassets in Resources */ = {isa = PBXBuildFile; fileRef = D9973F661F8A25D300DB07D7 /* Assets.xcassets */; };
		D9973F6A1F8A25D300DB07D7 /* LaunchScreen.storyboard in Resources */ = {isa = PBXBuildFile; fileRef = D9973F681F8A25D300DB07D7 /* LaunchScreen.storyboard */; };
		D9973F751F8A25D300DB07D7 /* viper_todo_iosTests.swift in Sources */ = {isa = PBXBuildFile; fileRef = D9973F741F8A25D300DB07D7 /* viper_todo_iosTests.swift */; };
		D9973F801F8A25D300DB07D7 /* viper_todo_iosUITests.swift in Sources */ = {isa = PBXBuildFile; fileRef = D9973F7F1F8A25D300DB07D7 /* viper_todo_iosUITests.swift */; };
/* End PBXBuildFile section */

/* Begin PBXContainerItemProxy section */
		D9973F711F8A25D300DB07D7 /* PBXContainerItemProxy */ = {
			isa = PBXContainerItemProxy;
			containerPortal = D9973F541F8A25D200DB07D7 /* Project object */;
			proxyType = 1;
			remoteGlobalIDString = D9973F5B1F8A25D300DB07D7;
			remoteInfo = viper_todo_ios;
		};
		D9973F7C1F8A25D300DB07D7 /* PBXContainerItemProxy */ = {
			isa = PBXContainerItemProxy;
			containerPortal = D9973F541F8A25D200DB07D7 /* Project object */;
			proxyType = 1;
			remoteGlobalIDString = D9973F5B1F8A25D300DB07D7;
			remoteInfo = viper_todo_ios;
		};
/* End PBXContainerItemProxy section */

/* Begin PBXFileReference section */
		D9973F5C1F8A25D300DB07D7 /* viper_todo_ios.app */ = {isa = PBXFileReference; explicitFileType = wrapper.application; includeInIndex = 0; path = viper_todo_ios.app; sourceTree = BUILT_PRODUCTS_DIR; };
		D9973F5F1F8A25D300DB07D7 /* AppDelegate.swift */ = {isa = PBXFileReference; lastKnownFileType = sourcecode.swift; path = AppDelegate.swift; sourceTree = "<group>"; };
		D9973F611F8A25D300DB07D7 /* ViewController.swift */ = {isa = PBXFileReference; lastKnownFileType = sourcecode.swift; path = ViewController.swift; sourceTree = "<group>"; };
		D9973F641F8A25D300DB07D7 /* Base */ = {isa = PBXFileReference; lastKnownFileType = file.storyboard; name = Base; path = Base.lproj/Main.storyboard; sourceTree = "<group>"; };
		D9973F661F8A25D300DB07D7 /* Assets.xcassets */ = {isa = PBXFileReference; lastKnownFileType = folder.assetcatalog; path = Assets.xcassets; sourceTree = "<group>"; };
		D9973F691F8A25D300DB07D7 /* Base */ = {isa = PBXFileReference; lastKnownFileType = file.storyboard; name = Base; path = Base.lproj/LaunchScreen.storyboard; sourceTree = "<group>"; };
		D9973F6B1F8A25D300DB07D7 /* Info.plist */ = {isa = PBXFileReference; lastKnownFileType = text.plist.xml; path = Info.plist; sourceTree = "<group>"; };
		D9973F701F8A25D300DB07D7 /* viper_todo_iosTests.xctest */ = {isa = PBXFileReference; explicitFileType = wrapper.cfbundle; includeInIndex = 0; path = viper_todo_iosTests.xctest; sourceTree = BUILT_PRODUCTS_DIR; };
		D9973F741F8A25D300DB07D7 /* viper_todo_iosTests.swift */ = {isa = PBXFileReference; lastKnownFileType = sourcecode.swift; path = viper_todo_iosTests.swift; sourceTree = "<group>"; };
		D9973F761F8A25D300DB07D7 /* Info.plist */ = {isa = PBXFileReference; lastKnownFileType = text.plist.xml; path = Info.plist; sourceTree = "<group>"; };
		D9973F7B1F8A25D300DB07D7 /* viper_todo_iosUITests.xctest */ = {isa = PBXFileReference; explicitFileType = wrapper.cfbundle; includeInIndex = 0; path = viper_todo_iosUITests.xctest; sourceTree = BUILT_PRODUCTS_DIR; };
		D9973F7F1F8A25D300DB07D7 /* viper_todo_iosUITests.swift */ = {isa = PBXFileReference; lastKnownFileType = sourcecode.swift; path = viper_todo_iosUITests.swift; sourceTree = "<group>"; };
		D9973F811F8A25D300DB07D7 /* Info.plist */ = {isa = PBXFileReference; lastKnownFileType = text.plist.xml; path = Info.plist; sourceTree = "<group>"; };
/* End PBXFileReference section */

/* Begin PBXFrameworksBuildPhase section */
		D9973F591F8A25D300DB07D7 /* Frameworks */ = {
			isa = PBXFrameworksBuildPhase;
			buildActionMask = 2147483647;
			files = (
			);
			runOnlyForDeploymentPostprocessing = 0;
		};
		D9973F6D1F8A25D300DB07D7 /* Frameworks */ = {
			isa = PBXFrameworksBuildPhase;
			buildActionMask = 2147483647;
			files = (
			);
			runOnlyForDeploymentPostprocessing = 0;
		};
		D9973F781F8A25D300DB07D7 /* Frameworks */ = {
			isa = PBXFrameworksBuildPhase;
			buildActionMask = 2147483647;
			files = (
			);
			runOnlyForDeploymentPostprocessing = 0;
		};
/* End PBXFrameworksBuildPhase section */

/* Begin PBXGroup section */
		D9973F531F8A25D200DB07D7 = {
			isa = PBXGroup;
			children = (
				D9973F5E1F8A25D300DB07D7 /* viper_todo_ios */,
				D9973F731F8A25D300DB07D7 /* viper_todo_iosTests */,
				D9973F7E1F8A25D300DB07D7 /* viper_todo_iosUITests */,
				D9973F5D1F8A25D300DB07D7 /* Products */,
			);
			sourceTree = "<group>";
		};
		D9973F5D1F8A25D300DB07D7 /* Products */ = {
			isa = PBXGroup;
			children = (
				D9973F5C1F8A25D300DB07D7 /* viper_todo_ios.app */,
				D9973F701F8A25D300DB07D7 /* viper_todo_iosTests.xctest */,
				D9973F7B1F8A25D300DB07D7 /* viper_todo_iosUITests.xctest */,
			);
			name = Products;
			sourceTree = "<group>";
		};
		D9973F5E1F8A25D300DB07D7 /* viper_todo_ios */ = {
			isa = PBXGroup;
			children = (
				D9973F5F1F8A25D300DB07D7 /* AppDelegate.swift */,
				D9973F611F8A25D300DB07D7 /* ViewController.swift */,
				D9973F631F8A25D300DB07D7 /* Main.storyboard */,
				D9973F661F8A25D300DB07D7 /* Assets.xcassets */,
				D9973F681F8A25D300DB07D7 /* LaunchScreen.storyboard */,
				D9973F6B1F8A25D300DB07D7 /* Info.plist */,
			);
			path = viper_todo_ios;
			sourceTree = "<group>";
		};
		D9973F731F8A25D300DB07D7 /* viper_todo_iosTests */ = {
			isa = PBXGroup;
			children = (
				D9973F741F8A25D300DB07D7 /* viper_todo_iosTests.swift */,
				D9973F761F8A25D300DB07D7 /* Info.plist */,
			);
			path = viper_todo_iosTests;
			sourceTree = "<group>";
		};
		D9973F7E1F8A25D300DB07D7 /* viper_todo_iosUITests */ = {
			isa = PBXGroup;
			children = (
				D9973F7F1F8A25D300DB07D7 /* viper_todo_iosUITests.swift */,
				D9973F811F8A25D300DB07D7 /* Info.plist */,
			);
			path = viper_todo_iosUITests;
			sourceTree = "<group>";
		};
/* End PBXGroup section */

/* Begin PBXNativeTarget section */
		D9973F5B1F8A25D300DB07D7 /* viper_todo_ios */ = {
			isa = PBXNativeTarget;
			buildConfigurationList = D9973F841F8A25D300DB07D7 /* Build configuration list for PBXNativeTarget "viper_todo_ios" */;
			buildPhases = (
				D9973F581F8A25D300DB07D7 /* Sources */,
				D9973F591F8A25D300DB07D7 /* Frameworks */,
				D9973F5A1F8A25D300DB07D7 /* Resources */,
			);
			buildRules = (
			);
			dependencies = (
			);
			name = viper_todo_ios;
			productName = viper_todo_ios;
			productReference = D9973F5C1F8A25D300DB07D7 /* viper_todo_ios.app */;
			productType = "com.apple.product-type.application";
		};
		D9973F6F1F8A25D300DB07D7 /* viper_todo_iosTests */ = {
			isa = PBXNativeTarget;
			buildConfigurationList = D9973F871F8A25D300DB07D7 /* Build configuration list for PBXNativeTarget "viper_todo_iosTests" */;
			buildPhases = (
				D9973F6C1F8A25D300DB07D7 /* Sources */,
				D9973F6D1F8A25D300DB07D7 /* Frameworks */,
				D9973F6E1F8A25D300DB07D7 /* Resources */,
			);
			buildRules = (
			);
			dependencies = (
				D9973F721F8A25D300DB07D7 /* PBXTargetDependency */,
			);
			name = viper_todo_iosTests;
			productName = viper_todo_iosTests;
			productReference = D9973F701F8A25D300DB07D7 /* viper_todo_iosTests.xctest */;
			productType = "com.apple.product-type.bundle.unit-test";
		};
		D9973F7A1F8A25D300DB07D7 /* viper_todo_iosUITests */ = {
			isa = PBXNativeTarget;
			buildConfigurationList = D9973F8A1F8A25D300DB07D7 /* Build configuration list for PBXNativeTarget "viper_todo_iosUITests" */;
			buildPhases = (
				D9973F771F8A25D300DB07D7 /* Sources */,
				D9973F781F8A25D300DB07D7 /* Frameworks */,
				D9973F791F8A25D300DB07D7 /* Resources */,
			);
			buildRules = (
			);
			dependencies = (
				D9973F7D1F8A25D300DB07D7 /* PBXTargetDependency */,
			);
			name = viper_todo_iosUITests;
			productName = viper_todo_iosUITests;
			productReference = D9973F7B1F8A25D300DB07D7 /* viper_todo_iosUITests.xctest */;
			productType = "com.apple.product-type.bundle.ui-testing";
		};
/* End PBXNativeTarget section */

/* Begin PBXProject section */
		D9973F541F8A25D200DB07D7 /* Project object */ = {
			isa = PBXProject;
			attributes = {
				LastSwiftUpdateCheck = 0900;
				LastUpgradeCheck = 0900;
				ORGANIZATIONNAME = "Yo Sasaki";
				TargetAttributes = {
					D9973F5B1F8A25D300DB07D7 = {
						CreatedOnToolsVersion = 9.0;
						ProvisioningStyle = Automatic;
					};
					D9973F6F1F8A25D300DB07D7 = {
						CreatedOnToolsVersion = 9.0;
						ProvisioningStyle = Automatic;
						TestTargetID = D9973F5B1F8A25D300DB07D7;
					};
					D9973F7A1F8A25D300DB07D7 = {
						CreatedOnToolsVersion = 9.0;
						ProvisioningStyle = Automatic;
						TestTargetID = D9973F5B1F8A25D300DB07D7;
					};
				};
			};
			buildConfigurationList = D9973F571F8A25D200DB07D7 /* Build configuration list for PBXProject "viper_todo_ios" */;
			compatibilityVersion = "Xcode 8.0";
			developmentRegion = en;
			hasScannedForEncodings = 0;
			knownRegions = (
				en,
				Base,
			);
			mainGroup = D9973F531F8A25D200DB07D7;
			productRefGroup = D9973F5D1F8A25D300DB07D7 /* Products */;
			projectDirPath = "";
			projectRoot = "";
			targets = (
				D9973F5B1F8A25D300DB07D7 /* viper_todo_ios */,
				D9973F6F1F8A25D300DB07D7 /* viper_todo_iosTests */,
				D9973F7A1F8A25D300DB07D7 /* viper_todo_iosUITests */,
			);
		};
/* End PBXProject section */

/* Begin PBXResourcesBuildPhase section */
		D9973F5A1F8A25D300DB07D7 /* Resources */ = {
			isa = PBXResourcesBuildPhase;
			buildActionMask = 2147483647;
			files = (
				D9973F6A1F8A25D300DB07D7 /* LaunchScreen.storyboard in Resources */,
				D9973F671F8A25D300DB07D7 /* Assets.xcassets in Resources */,
				D9973F651F8A25D300DB07D7 /* Main.storyboard in Resources */,
			);
			runOnlyForDeploymentPostprocessing = 0;
		};
		D9973F6E1F8A25D300DB07D7 /* Resources */ = {
			isa = PBXResourcesBuildPhase;
			buildActionMask = 2147483647;
			files = (
			);
			runOnlyForDeploymentPostprocessing = 0;
		};
		D9973F791F8A25D300DB07D7 /* Resources */ = {
			isa = PBXResourcesBuildPhase;
			buildActionMask = 2147483647;
			files = (
			);
			runOnlyForDeploymentPostprocessing = 0;
		};
/* End PBXResourcesBuildPhase section */

/* Begin PBXSourcesBuildPhase section */
		D9973F581F8A25D300DB07D7 /* Sources */ = {
			isa = PBXSourcesBuildPhase;
			buildActionMask = 2147483647;
			files = (
				D9973F621F8A25D300DB07D7 /* ViewController.swift in Sources */,
				D9973F601F8A25D300DB07D7 /* AppDelegate.swift in Sources */,
			);
			runOnlyForDeploymentPostprocessing = 0;
		};
		D9973F6C1F8A25D300DB07D7 /* Sources */ = {
			isa = PBXSourcesBuildPhase;
			buildActionMask = 2147483647;
			files = (
				D9973F751F8A25D300DB07D7 /* viper_todo_iosTests.swift in Sources */,
			);
			runOnlyForDeploymentPostprocessing = 0;
		};
		D9973F771F8A25D300DB07D7 /* Sources */ = {
			isa = PBXSourcesBuildPhase;
			buildActionMask = 2147483647;
			files = (
				D9973F801F8A25D300DB07D7 /* viper_todo_iosUITests.swift in Sources */,
			);
			runOnlyForDeploymentPostprocessing = 0;
		};
/* End PBXSourcesBuildPhase section */

/* Begin PBXTargetDependency section */
		D9973F721F8A25D300DB07D7 /* PBXTargetDependency */ = {
			isa = PBXTargetDependency;
			target = D9973F5B1F8A25D300DB07D7 /* viper_todo_ios */;
			targetProxy = D9973F711F8A25D300DB07D7 /* PBXContainerItemProxy */;
		};
		D9973F7D1F8A25D300DB07D7 /* PBXTargetDependency */ = {
			isa = PBXTargetDependency;
			target = D9973F5B1F8A25D300DB07D7 /* viper_todo_ios */;
			targetProxy = D9973F7C1F8A25D300DB07D7 /* PBXContainerItemProxy */;
		};
/* End PBXTargetDependency section */

/* Begin PBXVariantGroup section */
		D9973F631F8A25D300DB07D7 /* Main.storyboard */ = {
			isa = PBXVariantGroup;
			children = (
				D9973F641F8A25D300DB07D7 /* Base */,
			);
			name = Main.storyboard;
			sourceTree = "<group>";
		};
		D9973F681F8A25D300DB07D7 /* LaunchScreen.storyboard */ = {
			isa = PBXVariantGroup;
			children = (
				D9973F691F8A25D300DB07D7 /* Base */,
			);
			name = LaunchScreen.storyboard;
			sourceTree = "<group>";
		};
/* End PBXVariantGroup section */

/* Begin XCBuildConfiguration section */
		D9973F821F8A25D300DB07D7 /* Debug */ = {
			isa = XCBuildConfiguration;
			buildSettings = {
				ALWAYS_SEARCH_USER_PATHS = NO;
				CLANG_ANALYZER_NONNULL = YES;
				CLANG_ANALYZER_NUMBER_OBJECT_CONVERSION = YES_AGGRESSIVE;
				CLANG_CXX_LANGUAGE_STANDARD = "gnu++14";
				CLANG_CXX_LIBRARY = "libc++";
				CLANG_ENABLE_MODULES = YES;
				CLANG_ENABLE_OBJC_ARC = YES;
				CLANG_WARN_BLOCK_CAPTURE_AUTORELEASING = YES;
				CLANG_WARN_BOOL_CONVERSION = YES;
				CLANG_WARN_COMMA = YES;
				CLANG_WARN_CONSTANT_CONVERSION = YES;
				CLANG_WARN_DIRECT_OBJC_ISA_USAGE = YES_ERROR;
				CLANG_WARN_DOCUMENTATION_COMMENTS = YES;
				CLANG_WARN_EMPTY_BODY = YES;
				CLANG_WARN_ENUM_CONVERSION = YES;
				CLANG_WARN_INFINITE_RECURSION = YES;
				CLANG_WARN_INT_CONVERSION = YES;
				CLANG_WARN_NON_LITERAL_NULL_CONVERSION = YES;
				CLANG_WARN_OBJC_LITERAL_CONVERSION = YES;
				CLANG_WARN_OBJC_ROOT_CLASS = YES_ERROR;
				CLANG_WARN_RANGE_LOOP_ANALYSIS = YES;
				CLANG_WARN_STRICT_PROTOTYPES = YES;
				CLANG_WARN_SUSPICIOUS_MOVE = YES;
				CLANG_WARN_UNGUARDED_AVAILABILITY = YES_AGGRESSIVE;
				CLANG_WARN_UNREACHABLE_CODE = YES;
				CLANG_WARN__DUPLICATE_METHOD_MATCH = YES;
				CODE_SIGN_IDENTITY = "iPhone Developer";
				COPY_PHASE_STRIP = NO;
				DEBUG_INFORMATION_FORMAT = dwarf;
				ENABLE_STRICT_OBJC_MSGSEND = YES;
				ENABLE_TESTABILITY = YES;
				GCC_C_LANGUAGE_STANDARD = gnu11;
				GCC_DYNAMIC_NO_PIC = NO;
				GCC_NO_COMMON_BLOCKS = YES;
				GCC_OPTIMIZATION_LEVEL = 0;
				GCC_PREPROCESSOR_DEFINITIONS = (
					"DEBUG=1",
					"$(inherited)",
				);
				GCC_WARN_64_TO_32_BIT_CONVERSION = YES;
				GCC_WARN_ABOUT_RETURN_TYPE = YES_ERROR;
				GCC_WARN_UNDECLARED_SELECTOR = YES;
				GCC_WARN_UNINITIALIZED_AUTOS = YES_AGGRESSIVE;
				GCC_WARN_UNUSED_FUNCTION = YES;
				GCC_WARN_UNUSED_VARIABLE = YES;
				IPHONEOS_DEPLOYMENT_TARGET = 11.0;
				MTL_ENABLE_DEBUG_INFO = YES;
				ONLY_ACTIVE_ARCH = YES;
				SDKROOT = iphoneos;
				SWIFT_ACTIVE_COMPILATION_CONDITIONS = DEBUG;
				SWIFT_OPTIMIZATION_LEVEL = "-Onone";
			};
			name = Debug;
		};
		D9973F831F8A25D300DB07D7 /* Release */ = {
			isa = XCBuildConfiguration;
			buildSettings = {
				ALWAYS_SEARCH_USER_PATHS = NO;
				CLANG_ANALYZER_NONNULL = YES;
				CLANG_ANALYZER_NUMBER_OBJECT_CONVERSION = YES_AGGRESSIVE;
				CLANG_CXX_LANGUAGE_STANDARD = "gnu++14";
				CLANG_CXX_LIBRARY = "libc++";
				CLANG_ENABLE_MODULES = YES;
				CLANG_ENABLE_OBJC_ARC = YES;
				CLANG_WARN_BLOCK_CAPTURE_AUTORELEASING = YES;
				CLANG_WARN_BOOL_CONVERSION = YES;
				CLANG_WARN_COMMA = YES;
				CLANG_WARN_CONSTANT_CONVERSION = YES;
				CLANG_WARN_DIRECT_OBJC_ISA_USAGE = YES_ERROR;
				CLANG_WARN_DOCUMENTATION_COMMENTS = YES;
				CLANG_WARN_EMPTY_BODY = YES;
				CLANG_WARN_ENUM_CONVERSION = YES;
				CLANG_WARN_INFINITE_RECURSION = YES;
				CLANG_WARN_INT_CONVERSION = YES;
				CLANG_WARN_NON_LITERAL_NULL_CONVERSION = YES;
				CLANG_WARN_OBJC_LITERAL_CONVERSION = YES;
				CLANG_WARN_OBJC_ROOT_CLASS = YES_ERROR;
				CLANG_WARN_RANGE_LOOP_ANALYSIS = YES;
				CLANG_WARN_STRICT_PROTOTYPES = YES;
				CLANG_WARN_SUSPICIOUS_MOVE = YES;
				CLANG_WARN_UNGUARDED_AVAILABILITY = YES_AGGRESSIVE;
				CLANG_WARN_UNREACHABLE_CODE = YES;
				CLANG_WARN__DUPLICATE_METHOD_MATCH = YES;
				CODE_SIGN_IDENTITY = "iPhone Developer";
				COPY_PHASE_STRIP = NO;
				DEBUG_INFORMATION_FORMAT = "dwarf-with-dsym";
				ENABLE_NS_ASSERTIONS = NO;
				ENABLE_STRICT_OBJC_MSGSEND = YES;
				GCC_C_LANGUAGE_STANDARD = gnu11;
				GCC_NO_COMMON_BLOCKS = YES;
				GCC_WARN_64_TO_32_BIT_CONVERSION = YES;
				GCC_WARN_ABOUT_RETURN_TYPE = YES_ERROR;
				GCC_WARN_UNDECLARED_SELECTOR = YES;
				GCC_WARN_UNINITIALIZED_AUTOS = YES_AGGRESSIVE;
				GCC_WARN_UNUSED_FUNCTION = YES;
				GCC_WARN_UNUSED_VARIABLE = YES;
				IPHONEOS_DEPLOYMENT_TARGET = 11.0;
				MTL_ENABLE_DEBUG_INFO = NO;
				SDKROOT = iphoneos;
				SWIFT_OPTIMIZATION_LEVEL = "-Owholemodule";
				VALIDATE_PRODUCT = YES;
			};
			name = Release;
		};
		D9973F851F8A25D300DB07D7 /* Debug */ = {
			isa = XCBuildConfiguration;
			buildSettings = {
				ASSETCATALOG_COMPILER_APPICON_NAME = AppIcon;
				CODE_SIGN_STYLE = Automatic;
				DEVELOPMENT_TEAM = 47G5S74SP5;
				INFOPLIST_FILE = viper_todo_ios/Info.plist;
				LD_RUNPATH_SEARCH_PATHS = "$(inherited) @executable_path/Frameworks";
				PRODUCT_BUNDLE_IDENTIFIER = "io.github.younippon.viper-todo-ios";
				PRODUCT_NAME = "$(TARGET_NAME)";
				SWIFT_VERSION = 4.0;
				TARGETED_DEVICE_FAMILY = "1,2";
			};
			name = Debug;
		};
		D9973F861F8A25D300DB07D7 /* Release */ = {
			isa = XCBuildConfiguration;
			buildSettings = {
				ASSETCATALOG_COMPILER_APPICON_NAME = AppIcon;
				CODE_SIGN_STYLE = Automatic;
				DEVELOPMENT_TEAM = 47G5S74SP5;
				INFOPLIST_FILE = viper_todo_ios/Info.plist;
				LD_RUNPATH_SEARCH_PATHS = "$(inherited) @executable_path/Frameworks";
				PRODUCT_BUNDLE_IDENTIFIER = "io.github.younippon.viper-todo-ios";
				PRODUCT_NAME = "$(TARGET_NAME)";
				SWIFT_VERSION = 4.0;
				TARGETED_DEVICE_FAMILY = "1,2";
			};
			name = Release;
		};
		D9973F881F8A25D300DB07D7 /* Debug */ = {
			isa = XCBuildConfiguration;
			buildSettings = {
				ALWAYS_EMBED_SWIFT_STANDARD_LIBRARIES = YES;
				BUNDLE_LOADER = "$(TEST_HOST)";
				CODE_SIGN_STYLE = Automatic;
				DEVELOPMENT_TEAM = 47G5S74SP5;
				INFOPLIST_FILE = viper_todo_iosTests/Info.plist;
				LD_RUNPATH_SEARCH_PATHS = "$(inherited) @executable_path/Frameworks @loader_path/Frameworks";
				PRODUCT_BUNDLE_IDENTIFIER = "io.github.younippon.viper-todo-iosTests";
				PRODUCT_NAME = "$(TARGET_NAME)";
				SWIFT_VERSION = 4.0;
				TARGETED_DEVICE_FAMILY = "1,2";
				TEST_HOST = "$(BUILT_PRODUCTS_DIR)/viper_todo_ios.app/viper_todo_ios";
			};
			name = Debug;
		};
		D9973F891F8A25D300DB07D7 /* Release */ = {
			isa = XCBuildConfiguration;
			buildSettings = {
				ALWAYS_EMBED_SWIFT_STANDARD_LIBRARIES = YES;
				BUNDLE_LOADER = "$(TEST_HOST)";
				CODE_SIGN_STYLE = Automatic;
				DEVELOPMENT_TEAM = 47G5S74SP5;
				INFOPLIST_FILE = viper_todo_iosTests/Info.plist;
				LD_RUNPATH_SEARCH_PATHS = "$(inherited) @executable_path/Frameworks @loader_path/Frameworks";
				PRODUCT_BUNDLE_IDENTIFIER = "io.github.younippon.viper-todo-iosTests";
				PRODUCT_NAME = "$(TARGET_NAME)";
				SWIFT_VERSION = 4.0;
				TARGETED_DEVICE_FAMILY = "1,2";
				TEST_HOST = "$(BUILT_PRODUCTS_DIR)/viper_todo_ios.app/viper_todo_ios";
			};
			name = Release;
		};
		D9973F8B1F8A25D300DB07D7 /* Debug */ = {
			isa = XCBuildConfiguration;
			buildSettings = {
				ALWAYS_EMBED_SWIFT_STANDARD_LIBRARIES = YES;
				CODE_SIGN_STYLE = Automatic;
				DEVELOPMENT_TEAM = 47G5S74SP5;
				INFOPLIST_FILE = viper_todo_iosUITests/Info.plist;
				LD_RUNPATH_SEARCH_PATHS = "$(inherited) @executable_path/Frameworks @loader_path/Frameworks";
				PRODUCT_BUNDLE_IDENTIFIER = "io.github.younippon.viper-todo-iosUITests";
				PRODUCT_NAME = "$(TARGET_NAME)";
				SWIFT_VERSION = 4.0;
				TARGETED_DEVICE_FAMILY = "1,2";
				TEST_TARGET_NAME = viper_todo_ios;
			};
			name = Debug;
		};
		D9973F8C1F8A25D300DB07D7 /* Release */ = {
			isa = XCBuildConfiguration;
			buildSettings = {
				ALWAYS_EMBED_SWIFT_STANDARD_LIBRARIES = YES;
				CODE_SIGN_STYLE = Automatic;
				DEVELOPMENT_TEAM = 47G5S74SP5;
				INFOPLIST_FILE = viper_todo_iosUITests/Info.plist;
				LD_RUNPATH_SEARCH_PATHS = "$(inherited) @executable_path/Frameworks @loader_path/Frameworks";
				PRODUCT_BUNDLE_IDENTIFIER = "io.github.younippon.viper-todo-iosUITests";
				PRODUCT_NAME = "$(TARGET_NAME)";
				SWIFT_VERSION = 4.0;
				TARGETED_DEVICE_FAMILY = "1,2";
				TEST_TARGET_NAME = viper_todo_ios;
			};
			name = Release;
		};
/* End XCBuildConfiguration section */

/* Begin XCConfigurationList section */
		D9973F571F8A25D200DB07D7 /* Build configuration list for PBXProject "viper_todo_ios" */ = {
			isa = XCConfigurationList;
			buildConfigurations = (
				D9973F821F8A25D300DB07D7 /* Debug */,
				D9973F831F8A25D300DB07D7 /* Release */,
			);
			defaultConfigurationIsVisible = 0;
			defaultConfigurationName = Release;
		};
		D9973F841F8A25D300DB07D7 /* Build configuration list for PBXNativeTarget "viper_todo_ios" */ = {
			isa = XCConfigurationList;
			buildConfigurations = (
				D9973F851F8A25D300DB07D7 /* Debug */,
				D9973F861F8A25D300DB07D7 /* Release */,
			);
			defaultConfigurationIsVisible = 0;
			defaultConfigurationName = Release;
		};
		D9973F871F8A25D300DB07D7 /* Build configuration list for PBXNativeTarget "viper_todo_iosTests" */ = {
			isa = XCConfigurationList;
			buildConfigurations = (
				D9973F881F8A25D300DB07D7 /* Debug */,
				D9973F891F8A25D300DB07D7 /* Release */,
			);
			defaultConfigurationIsVisible = 0;
			defaultConfigurationName = Release;
		};
		D9973F8A1F8A25D300DB07D7 /* Build configuration list for PBXNativeTarget "viper_todo_iosUITests" */ = {
			isa = XCConfigurationList;
			buildConfigurations = (
				D9973F8B1F8A25D300DB07D7 /* Debug */,
				D9973F8C1F8A25D300DB07D7 /* Release */,
			);
			defaultConfigurationIsVisible = 0;
			defaultConfigurationName = Release;
		};
/* End XCConfigurationList section */
	};
	rootObject = D9973F541F8A25D200DB07D7 /* Project object */;
}
